// !$*UTF8*$!
{
	archiveVersion = 1;
	classes = {
	};
	objectVersion = 46;
	objects = {

/* Begin PBXBuildFile section */
		04579F761EA21DE5002F9CBC /* main.m in Sources */ = {isa = PBXBuildFile; fileRef = 04579F751EA21DE5002F9CBC /* main.m */; };
/* End PBXBuildFile section */

/* Begin PBXCopyFilesBuildPhase section */
		04579F701EA21DE5002F9CBC /* CopyFiles */ = {
			isa = PBXCopyFilesBuildPhase;
			buildActionMask = 2147483647;
			dstPath = /usr/share/man/man1/;
			dstSubfolderSpec = 0;
			files = (
			);
			runOnlyForDeploymentPostprocessing = 1;
		};
/* End PBXCopyFilesBuildPhase section */

/* Begin PBXFileReference section */
		04579F721EA21DE5002F9CBC /* testBlocks */ = {isa = PBXFileReference; explicitFileType = "compiled.mach-o.executable"; includeInIndex = 0; path = testBlocks; sourceTree = BUILT_PRODUCTS_DIR; };
		04579F751EA21DE5002F9CBC /* main.m */ = {isa = PBXFileReference; lastKnownFileType = sourcecode.c.objc; path = main.m; sourceTree = "<group>"; };
/* End PBXFileReference section */

/* Begin PBXFrameworksBuildPhase section */
		04579F6F1EA21DE5002F9CBC /* Frameworks */ = {
			isa = PBXFrameworksBuildPhase;
			buildActionMask = 2147483647;
			files = (
			);
			runOnlyForDeploymentPostprocessing = 0;
		};
/* End PBXFrameworksBuildPhase section */

/* Begin PBXGroup section */
		04579F691EA21DE5002F9CBC = {
			isa = PBXGroup;
			children = (
				04579F741EA21DE5002F9CBC /* testBlocks */,
				04579F731EA21DE5002F9CBC /* Products */,
			);
			sourceTree = "<group>";
		};
		04579F731EA21DE5002F9CBC /* Products */ = {
			isa = PBXGroup;
			children = (
				04579F721EA21DE5002F9CBC /* testBlocks */,
			);
			name = Products;
			sourceTree = "<group>";
		};
		04579F741EA21DE5002F9CBC /* testBlocks */ = {
			isa = PBXGroup;
			children = (
				04579F751EA21DE5002F9CBC /* main.m */,
			);
			path = testBlocks;
			sourceTree = "<group>";
		};
/* End PBXGroup section */

/* Begin PBXNativeTarget section */
		04579F711EA21DE5002F9CBC /* testBlocks */ = {
			isa = PBXNativeTarget;
			buildConfigurationList = 04579F791EA21DE5002F9CBC /* Build configuration list for PBXNativeTarget "testBlocks" */;
			buildPhases = (
				04579F6E1EA21DE5002F9CBC /* Sources */,
				04579F6F1EA21DE5002F9CBC /* Frameworks */,
				04579F701EA21DE5002F9CBC /* CopyFiles */,
			);
			buildRules = (
			);
			dependencies = (
			);
			name = testBlocks;
			productName = testBlocks;
			productReference = 04579F721EA21DE5002F9CBC /* testBlocks */;
			productType = "com.apple.product-type.tool";
		};
/* End PBXNativeTarget section */

/* Begin PBXProject section */
		04579F6A1EA21DE5002F9CBC /* Project object */ = {
			isa = PBXProject;
			attributes = {
				LastUpgradeCheck = 0820;
				ORGANIZATIONNAME = JSh;
				TargetAttributes = {
					04579F711EA21DE5002F9CBC = {
						CreatedOnToolsVersion = 8.2.1;
						DevelopmentTeam = 52MJRS22LM;
						ProvisioningStyle = Automatic;
					};
				};
			};
			buildConfigurationList = 04579F6D1EA21DE5002F9CBC /* Build configuration list for PBXProject "testBlocks" */;
			compatibilityVersion = "Xcode 3.2";
			developmentRegion = English;
			hasScannedForEncodings = 0;
			knownRegions = (
				en,
			);
			mainGroup = 04579F691EA21DE5002F9CBC;
			productRefGroup = 04579F731EA21DE5002F9CBC /* Products */;
			projectDirPath = "";
			projectRoot = "";
			targets = (
				04579F711EA21DE5002F9CBC /* testBlocks */,
			);
		};
/* End PBXProject section */

/* Begin PBXSourcesBuildPhase section */
		04579F6E1EA21DE5002F9CBC /* Sources */ = {
			isa = PBXSourcesBuildPhase;
			buildActionMask = 2147483647;
			files = (
				04579F761EA21DE5002F9CBC /* main.m in Sources */,
			);
			runOnlyForDeploymentPostprocessing = 0;
		};
/* End PBXSourcesBuildPhase section */

/* Begin XCBuildConfiguration section */
		04579F771EA21DE5002F9CBC /* Debug */ = {
			isa = XCBuildConfiguration;
			buildSettings = {
				ALWAYS_SEARCH_USER_PATHS = NO;
				CLANG_ANALYZER_NONNULL = YES;
				CLANG_CXX_LANGUAGE_STANDARD = "gnu++0x";
				CLANG_CXX_LIBRARY = "libc++";
				CLANG_ENABLE_MODULES = YES;
				CLANG_ENABLE_OBJC_ARC = YES;
				CLANG_WARN_BOOL_CONVERSION = YES;
				CLANG_WARN_CONSTANT_CONVERSION = YES;
				CLANG_WARN_DIRECT_OBJC_ISA_USAGE = YES_ERROR;
				CLANG_WARN_DOCUMENTATION_COMMENTS = YES;
				CLANG_WARN_EMPTY_BODY = YES;
				CLANG_WARN_ENUM_CONVERSION = YES;
				CLANG_WARN_INFINITE_RECURSION = YES;
				CLANG_WARN_INT_CONVERSION = YES;
				CLANG_WARN_OBJC_ROOT_CLASS = YES_ERROR;
				CLANG_WARN_SUSPICIOUS_MOVE = YES;
				CLANG_WARN_UNREACHABLE_CODE = YES;
				CLANG_WARN__DUPLICATE_METHOD_MATCH = YES;
				CODE_SIGN_IDENTITY = "-";
				COPY_PHASE_STRIP = NO;
				DEBUG_INFORMATION_FORMAT = dwarf;
				ENABLE_STRICT_OBJC_MSGSEND = YES;
				ENABLE_TESTABILITY = YES;
				GCC_C_LANGUAGE_STANDARD = gnu99;
				GCC_DYNAMIC_NO_PIC = NO;
				GCC_NO_COMMON_BLOCKS = YES;
				GCC_OPTIMIZATION_LEVEL = 0;
				GCC_PREPROCESSOR_DEFINITIONS = (
					"DEBUG=1",
					"$(inherited)",
				);
				GCC_WARN_64_TO_32_BIT_CONVERSION = YES;
				GCC_WARN_ABOUT_RETURN_TYPE = YES_ERROR;
				GCC_WARN_UNDECLARED_SELECTOR = YES;
				GCC_WARN_UNINITIALIZED_AUTOS = YES_AGGRESSIVE;
				GCC_WARN_UNUSED_FUNCTION = YES;
				GCC_WARN_UNUSED_VARIABLE = YES;
				MACOSX_DEPLOYMENT_TARGET = 10.12;
				MTL_ENABLE_DEBUG_INFO = YES;
				ONLY_ACTIVE_ARCH = YES;
				SDKROOT = macosx;
			};
			name = Debug;
		};
		04579F781EA21DE5002F9CBC /* Release */ = {
			isa = XCBuildConfiguration;
			buildSettings = {
				ALWAYS_SEARCH_USER_PATHS = NO;
				CLANG_ANALYZER_NONNULL = YES;
				CLANG_CXX_LANGUAGE_STANDARD = "gnu++0x";
				CLANG_CXX_LIBRARY = "libc++";
				CLANG_ENABLE_MODULES = YES;
				CLANG_ENABLE_OBJC_ARC = YES;
				CLANG_WARN_BOOL_CONVERSION = YES;
				CLANG_WARN_CONSTANT_CONVERSION = YES;
				CLANG_WARN_DIRECT_OBJC_ISA_USAGE = YES_ERROR;
				CLANG_WARN_DOCUMENTATION_COMMENTS = YES;
				CLANG_WARN_EMPTY_BODY = YES;
				CLANG_WARN_ENUM_CONVERSION = YES;
				CLANG_WARN_INFINITE_RECURSION = YES;
				CLANG_WARN_INT_CONVERSION = YES;
				CLANG_WARN_OBJC_ROOT_CLASS = YES_ERROR;
				CLANG_WARN_SUSPICIOUS_MOVE = YES;
				CLANG_WARN_UNREACHABLE_CODE = YES;
				CLANG_WARN__DUPLICATE_METHOD_MATCH = YES;
				CODE_SIGN_IDENTITY = "-";
				COPY_PHASE_STRIP = NO;
				DEBUG_INFORMATION_FORMAT = "dwarf-with-dsym";
				ENABLE_NS_ASSERTIONS = NO;
				ENABLE_STRICT_OBJC_MSGSEND = YES;
				GCC_C_LANGUAGE_STANDARD = gnu99;
				GCC_NO_COMMON_BLOCKS = YES;
				GCC_WARN_64_TO_32_BIT_CONVERSION = YES;
				GCC_WARN_ABOUT_RETURN_TYPE = YES_ERROR;
				GCC_WARN_UNDECLARED_SELECTOR = YES;
				GCC_WARN_UNINITIALIZED_AUTOS = YES_AGGRESSIVE;
				GCC_WARN_UNUSED_FUNCTION = YES;
				GCC_WARN_UNUSED_VARIABLE = YES;
				MACOSX_DEPLOYMENT_TARGET = 10.12;
				MTL_ENABLE_DEBUG_INFO = NO;
				SDKROOT = macosx;
			};
			name = Release;
		};
		04579F7A1EA21DE5002F9CBC /* Debug */ = {
			isa = XCBuildConfiguration;
			buildSettings = {
				DEVELOPMENT_TEAM = 52MJRS22LM;
				PRODUCT_NAME = "$(TARGET_NAME)";
			};
			name = Debug;
		};
		04579F7B1EA21DE5002F9CBC /* Release */ = {
			isa = XCBuildConfiguration;
			buildSettings = {
				DEVELOPMENT_TEAM = 52MJRS22LM;
				PRODUCT_NAME = "$(TARGET_NAME)";
			};
			name = Release;
		};
/* End XCBuildConfiguration section */

/* Begin XCConfigurationList section */
		04579F6D1EA21DE5002F9CBC /* Build configuration list for PBXProject "testBlocks" */ = {
			isa = XCConfigurationList;
			buildConfigurations = (
				04579F771EA21DE5002F9CBC /* Debug */,
				04579F781EA21DE5002F9CBC /* Release */,
			);
			defaultConfigurationIsVisible = 0;
			defaultConfigurationName = Release;
		};
		04579F791EA21DE5002F9CBC /* Build configuration list for PBXNativeTarget "testBlocks" */ = {
			isa = XCConfigurationList;
			buildConfigurations = (
				04579F7A1EA21DE5002F9CBC /* Debug */,
				04579F7B1EA21DE5002F9CBC /* Release */,
			);
			defaultConfigurationIsVisible = 0;
		};
/* End XCConfigurationList section */
	};
	rootObject = 04579F6A1EA21DE5002F9CBC /* Project object */;
}
